
Microsoft Visual Studio Solution File, Format Version 12.00
# Visual Studio Version 16
VisualStudioVersion = 16.0.29911.98
MinimumVisualStudioVersion = 10.0.40219.1
Project("{FAE04EC0-301F-11D3-BF4B-00C04F79EFBC}") = "AppointmentPlanner", "AppointmentPlanner\AppointmentPlanner.csproj", "{5DDB4A58-2599-4003-9216-9422735975BE}"
EndProject
Global
	GlobalSection(SolutionConfigurationPlatforms) = preSolution
		Debug|Any CPU = Debug|Any CPU
		Release|Any CPU = Release|Any CPU
	EndGlobalSection
	GlobalSection(ProjectConfigurationPlatforms) = postSolution
		{5DDB4A58-2599-4003-9216-9422735975BE}.Debug|Any CPU.ActiveCfg = Debug|Any CPU
		{5DDB4A58-2599-4003-9216-9422735975BE}.Debug|Any CPU.Build.0 = Debug|Any CPU
		{5DDB4A58-2599-4003-9216-9422735975BE}.Release|Any CPU.ActiveCfg = Release|Any CPU
		{5DDB4A58-2599-4003-9216-9422735975BE}.Release|Any CPU.Build.0 = Release|Any CPU
	EndGlobalSection
	GlobalSection(SolutionProperties) = preSolution
		HideSolutionNode = FALSE
	EndGlobalSection
	GlobalSection(ExtensibilityGlobals) = postSolution
		SolutionGuid = {BFC8699F-C5F6-4077-B2BF-37DF685464F7}
	EndGlobalSection
EndGlobal
