
Microsoft Visual Studio Solution File, Format Version 12.00
# Visual Studio Version 16
VisualStudioVersion = 16.0.29519.161
MinimumVisualStudioVersion = 10.0.40219.1
Project("{9A19103F-16F7-4668-BE54-9A1E7A4F7556}") = "AppointmentPlanner", "AppointmentPlanner\AppointmentPlanner.csproj", "{85C6C73F-486E-471A-AD02-60A8302B3B6D}"
EndProject
Global
	GlobalSection(SolutionConfigurationPlatforms) = preSolution
		Debug|Any CPU = Debug|Any CPU
		Release|Any CPU = Release|Any CPU
	EndGlobalSection
	GlobalSection(ProjectConfigurationPlatforms) = postSolution
		{85C6C73F-486E-471A-AD02-60A8302B3B6D}.Debug|Any CPU.ActiveCfg = Debug|Any CPU
		{85C6C73F-486E-471A-AD02-60A8302B3B6D}.Debug|Any CPU.Build.0 = Debug|Any CPU
		{85C6C73F-486E-471A-AD02-60A8302B3B6D}.Release|Any CPU.ActiveCfg = Release|Any CPU
		{85C6C73F-486E-471A-AD02-60A8302B3B6D}.Release|Any CPU.Build.0 = Release|Any CPU
		{BF2B7B2F-ACD5-4A48-8323-7349240CB1A7}.Debug|Any CPU.ActiveCfg = Debug|Any CPU
		{BF2B7B2F-ACD5-4A48-8323-7349240CB1A7}.Debug|Any CPU.Build.0 = Debug|Any CPU
		{BF2B7B2F-ACD5-4A48-8323-7349240CB1A7}.Release|Any CPU.ActiveCfg = Release|Any CPU
		{BF2B7B2F-ACD5-4A48-8323-7349240CB1A7}.Release|Any CPU.Build.0 = Release|Any CPU
	EndGlobalSection
	GlobalSection(SolutionProperties) = preSolution
		HideSolutionNode = FALSE
	EndGlobalSection
	GlobalSection(ExtensibilityGlobals) = postSolution
		SolutionGuid = {C185DD0B-0C36-4C3B-AF07-008D60A6858E}
	EndGlobalSection
EndGlobal
