
Microsoft Visual Studio Solution File, Format Version 12.00
# Visual Studio Version 16
VisualStudioVersion = 16.0.31019.194
MinimumVisualStudioVersion = 10.0.40219.1
Project("{FAE04EC0-301F-11D3-BF4B-00C04F79EFBC}") = "AppointmentPlanner", "AppointmentPlanner\AppointmentPlanner.csproj", "{80589C2C-CAFF-4839-8C56-36450FEF8086}"
EndProject
Global
	GlobalSection(SolutionConfigurationPlatforms) = preSolution
		Debug|Any CPU = Debug|Any CPU
		Release|Any CPU = Release|Any CPU
	EndGlobalSection
	GlobalSection(ProjectConfigurationPlatforms) = postSolution
		{80589C2C-CAFF-4839-8C56-36450FEF8086}.Debug|Any CPU.ActiveCfg = Debug|Any CPU
		{80589C2C-CAFF-4839-8C56-36450FEF8086}.Debug|Any CPU.Build.0 = Debug|Any CPU
		{80589C2C-CAFF-4839-8C56-36450FEF8086}.Release|Any CPU.ActiveCfg = Release|Any CPU
		{80589C2C-CAFF-4839-8C56-36450FEF8086}.Release|Any CPU.Build.0 = Release|Any CPU
	EndGlobalSection
	GlobalSection(SolutionProperties) = preSolution
		HideSolutionNode = FALSE
	EndGlobalSection
	GlobalSection(ExtensibilityGlobals) = postSolution
		SolutionGuid = {46902A7C-7382-45E8-A214-90978548A4E2}
	EndGlobalSection
EndGlobal
